
Microsoft Visual Studio Solution File, Format Version 12.00
# Visual Studio Version 16
VisualStudioVersion = 16.0.29123.89
MinimumVisualStudioVersion = 10.0.40219.1
Project("{FAE04EC0-301F-11D3-BF4B-00C04F79EFBC}") = "Cima", "Cima\Cima.csproj", "{E1C26B91-6284-46DA-BA67-C7C18E246743}"
EndProject
Global
	GlobalSection(SolutionConfigurationPlatforms) = preSolution
		Debug|Any CPU = Debug|Any CPU
		Release|Any CPU = Release|Any CPU
	EndGlobalSection
	GlobalSection(ProjectConfigurationPlatforms) = postSolution
		{E1C26B91-6284-46DA-BA67-C7C18E246743}.Debug|Any CPU.ActiveCfg = Debug|Any CPU
		{E1C26B91-6284-46DA-BA67-C7C18E246743}.Debug|Any CPU.Build.0 = Debug|Any CPU
		{E1C26B91-6284-46DA-BA67-C7C18E246743}.Release|Any CPU.ActiveCfg = Release|Any CPU
		{E1C26B91-6284-46DA-BA67-C7C18E246743}.Release|Any CPU.Build.0 = Release|Any CPU
	EndGlobalSection
	GlobalSection(SolutionProperties) = preSolution
		HideSolutionNode = FALSE
	EndGlobalSection
	GlobalSection(ExtensibilityGlobals) = postSolution
		SolutionGuid = {AAB65C4B-5F90-468C-8AE4-A0243A202C01}
	EndGlobalSection
EndGlobal
